version = 1
revision = 3
requires-python = ">=3.14"

[[package]]
name = "jpype1"
version = "1.7.0"
source = { registry = "https://pypi.org/simple" }
dependencies = [
    { name = "packaging" },
]
sdist = { url = "https://files.pythonhosted.org/packages/ff/b3/a95951c2d967ca5e61f50d96549f528193315c2e2f38817bfbe214cc162d/jpype1-1.7.0.tar.gz", hash = "sha256:2109138b7264f6360c717b887b6a4d20b29e997c516e8d7fa8756e40595bb537", size = 782128, upload-time = "2026-04-09T22:18:53.873Z" }
wheels = [
    { url = "https://files.pythonhosted.org/packages/1e/1c/b05f0ae377f92185adfca3fc74a3ca812eccdf274b64887243af8067d515/jpype1-1.7.0-cp314-cp314-manylinux_2_24_aarch64.manylinux_2_28_aarch64.whl", hash = "sha256:3089236c91374eb8daffa9831a9a6462ccd3d8ed0e15c679ba9d3ea438cd773f", size = 407041, upload-time = "2026-04-09T22:18:41.69Z" },
    { url = "https://files.pythonhosted.org/packages/ec/b3/f8384822924119005c64f395e253da3c1ff7ec5a40cd96736e9ccb255df7/jpype1-1.7.0-cp314-cp314-manylinux_2_24_i686.manylinux_2_28_i686.whl", hash = "sha256:cc17dc8ea5440e21240b96f0b1c685bdc7bbafc26034af95d124ba908399bc4e", size = 453713, upload-time = "2026-04-09T22:18:43.647Z" },
    { url = "https://files.pythonhosted.org/packages/00/8d/afff4cfc97a69a1d526428523ad2ce053f9d24cdff037657ea87d1a45d11/jpype1-1.7.0-cp314-cp314-manylinux_2_24_x86_64.manylinux_2_28_x86_64.whl", hash = "sha256:85b3407edef65e87cf9c80b5eec418c14fff2f9b3f875447e9b2507bb41c4736", size = 437928, upload-time = "2026-04-09T22:18:45.568Z" },
    { url = "https://files.pythonhosted.org/packages/35/83/b2fed1864e908cd59a4d81bb7c9a06e4ce5bd3b39adb0d1ba14743ada8ac/jpype1-1.7.0-cp314-cp314-win_amd64.whl", hash = "sha256:ee19bff59b206f52a9325dd77236ec8edda26154504356d1fa489cf70f53e30e", size = 364238, upload-time = "2026-04-09T22:18:52.115Z" },
    { url = "https://files.pythonhosted.org/packages/89/b1/eaa05a8fd170aa2a4605a5672e84d72acc95b9db297f8c8c7fca39d9e9ad/jpype1-1.7.0-cp314-cp314t-manylinux_2_24_aarch64.manylinux_2_28_aarch64.whl", hash = "sha256:54be61e3bc67b04301306207fc012ab9f354283f665655b576e1e8657617f1e2", size = 409082, upload-time = "2026-04-09T22:18:47.062Z" },
    { url = "https://files.pythonhosted.org/packages/36/4e/13d62564d0ef1db5534bf0af12373d289e7cf853f7893f0ba5c3c7d48a97/jpype1-1.7.0-cp314-cp314t-manylinux_2_24_i686.manylinux_2_28_i686.whl", hash = "sha256:6f893ad52e55a96db9f59af37e4ecc6731a7067c71e398457c7c32ea2ff85fe2", size = 454844, upload-time = "2026-04-09T22:18:49.16Z" },
    { url = "https://files.pythonhosted.org/packages/be/68/252059b8ff667fb60307feacc1875caebe4960cf225d82c791f777f6a445/jpype1-1.7.0-cp314-cp314t-manylinux_2_24_x86_64.manylinux_2_28_x86_64.whl", hash = "sha256:36666a26a37e8a48c5b087a875f94d69846383a3414ed05761ea293de95525e6", size = 439051, upload-time = "2026-04-09T22:18:50.701Z" },
]

[[package]]
name = "mpptoxls"
version = "0.1.0"
source = { virtual = "." }
dependencies = [
    { name = "jpype1" },
]

[package.metadata]
requires-dist = [{ name = "jpype1" }]

[[package]]
name = "packaging"
version = "26.1"
source = { registry = "https://pypi.org/simple" }
sdist = { url = "https://files.pythonhosted.org/packages/df/de/0d2b39fb4af88a0258f3bac87dfcbb48e73fbdea4a2ed0e2213f9a4c2f9a/packaging-26.1.tar.gz", hash = "sha256:f042152b681c4bfac5cae2742a55e103d27ab2ec0f3d88037136b6bfe7c9c5de", size = 215519, upload-time = "2026-04-14T21:12:49.362Z" }
wheels = [
    { url = "https://files.pythonhosted.org/packages/7a/c2/920ef838e2f0028c8262f16101ec09ebd5969864e5a64c4c05fad0617c56/packaging-26.1-py3-none-any.whl", hash = "sha256:5d9c0669c6285e491e0ced2eee587eaf67b670d94a19e94e3984a481aba6802f", size = 95831, upload-time = "2026-04-14T21:12:47.56Z" },
]
